{
  "nodes": {
    "nixpkgs": {
      "locked": {
        "lastModified": 1775484567,
        "narHash": "sha256-TzqJiCRrZtDvwiFYBcpTi+7vDXbIDv1DAhgKISlYFNg=",
        "owner": "NixOS",
        "repo": "nixpkgs",
        "rev": "9fbdd71af3bff567a9fed8537f68527953c44779",
        "type": "github"
      },
      "original": {
        "owner": "NixOS",
        "ref": "master",
        "repo": "nixpkgs",
        "type": "github"
      }
    },
    "root": {
      "inputs": {
        "nixpkgs": "nixpkgs"
      }
    }
  },
  "root": "root",
  "version": 7
}
