{
  "nodes": {
    "nixpkgs": {
      "locked": {
        "lastModified": 1787516553,
        "narHash": "sha256-UrPktGz3W/iWoDT1KstPPlw/OfXhtcMfg94sfEx5mGg=",
        "owner": "NixOS",
        "repo": "nixpkgs",
        "rev": "00123028dd2be6d6120bcd003fb58206d6c122d4",
        "type": "github"
      },
      "original": {
        "owner": "NixOS",
        "ref": "master",
        "repo": "nixpkgs",
        "type": "github"
      }
    },
    "root": {
      "inputs": {
        "nixpkgs": "nixpkgs"
      }
    }
  },
  "root": "root",
  "version": 7
}
